
Microsoft Visual Studio Solution File, Format Version 12.00
# Visual Studio Version 17
VisualStudioVersion = 17.2.32519.379
MinimumVisualStudioVersion = 10.0.40219.1
Project("{9A19103F-16F7-4668-BE54-9A1E7A4F7556}") = "BlueNet.Api", "BlueNet.Api\BlueNet.Api.csproj", "{1CEBBA6E-F204-4FA1-9473-459A5C9E72E7}"
EndProject
Project("{9A19103F-16F7-4668-BE54-9A1E7A4F7556}") = "BlueNet.Manager", "BlueNet.Manager\BlueNet.Manager.csproj", "{3CA9CD48-B8BF-4C73-9FA6-890C7B72F0F4}"
EndProject
Project("{9A19103F-16F7-4668-BE54-9A1E7A4F7556}") = "BlueNet.Models", "BlueNet.Models\BlueNet.Models.csproj", "{2D8CFD2D-81B1-4DF3-A494-D018DCF7A5D8}"
EndProject
Global
	GlobalSection(SolutionConfigurationPlatforms) = preSolution
		Debug|Any CPU = Debug|Any CPU
		Release|Any CPU = Release|Any CPU
	EndGlobalSection
	GlobalSection(ProjectConfigurationPlatforms) = postSolution
		{1CEBBA6E-F204-4FA1-9473-459A5C9E72E7}.Debug|Any CPU.ActiveCfg = Debug|Any CPU
		{1CEBBA6E-F204-4FA1-9473-459A5C9E72E7}.Debug|Any CPU.Build.0 = Debug|Any CPU
		{1CEBBA6E-F204-4FA1-9473-459A5C9E72E7}.Release|Any CPU.ActiveCfg = Release|Any CPU
		{1CEBBA6E-F204-4FA1-9473-459A5C9E72E7}.Release|Any CPU.Build.0 = Release|Any CPU
		{3CA9CD48-B8BF-4C73-9FA6-890C7B72F0F4}.Debug|Any CPU.ActiveCfg = Debug|Any CPU
		{3CA9CD48-B8BF-4C73-9FA6-890C7B72F0F4}.Debug|Any CPU.Build.0 = Debug|Any CPU
		{3CA9CD48-B8BF-4C73-9FA6-890C7B72F0F4}.Release|Any CPU.ActiveCfg = Release|Any CPU
		{3CA9CD48-B8BF-4C73-9FA6-890C7B72F0F4}.Release|Any CPU.Build.0 = Release|Any CPU
		{2D8CFD2D-81B1-4DF3-A494-D018DCF7A5D8}.Debug|Any CPU.ActiveCfg = Debug|Any CPU
		{2D8CFD2D-81B1-4DF3-A494-D018DCF7A5D8}.Debug|Any CPU.Build.0 = Debug|Any CPU
		{2D8CFD2D-81B1-4DF3-A494-D018DCF7A5D8}.Release|Any CPU.ActiveCfg = Release|Any CPU
		{2D8CFD2D-81B1-4DF3-A494-D018DCF7A5D8}.Release|Any CPU.Build.0 = Release|Any CPU
	EndGlobalSection
	GlobalSection(SolutionProperties) = preSolution
		HideSolutionNode = FALSE
	EndGlobalSection
	GlobalSection(ExtensibilityGlobals) = postSolution
		SolutionGuid = {256C03FA-20E9-4B36-B9DA-59320BDCCDE8}
	EndGlobalSection
EndGlobal
